// !$*UTF8*$!
{
	archiveVersion = 1;
	classes = {
	};
	objectVersion = 48;
	objects = {

/* Begin PBXBuildFile section */
		6BC951AC2198D6DB00026223 /* AppDelegate.swift in Sources */ = {isa = PBXBuildFile; fileRef = 6BC951AB2198D6DB00026223 /* AppDelegate.swift */; };
		6BC951AE2198D6DB00026223 /* FirstViewController.swift in Sources */ = {isa = PBXBuildFile; fileRef = 6BC951AD2198D6DB00026223 /* FirstViewController.swift */; };
		6BC951B02198D6DB00026223 /* SecondViewController.swift in Sources */ = {isa = PBXBuildFile; fileRef = 6BC951AF2198D6DB00026223 /* SecondViewController.swift */; };
		6BC951B32198D6DB00026223 /* Main.storyboard in Resources */ = {isa = PBXBuildFile; fileRef = 6BC951B12198D6DB00026223 /* Main.storyboard */; };
		6BC951B52198D6DB00026223 /* Assets.xcassets in Resources */ = {isa = PBXBuildFile; fileRef = 6BC951B42198D6DB00026223 /* Assets.xcassets */; };
		6BC951B82198D6DB00026223 /* LaunchScreen.storyboard in Resources */ = {isa = PBXBuildFile; fileRef = 6BC951B62198D6DB00026223 /* LaunchScreen.storyboard */; };
/* End PBXBuildFile section */

/* Begin PBXFileReference section */
		6BC951A82198D6DB00026223 /* SAudio.app */ = {isa = PBXFileReference; explicitFileType = wrapper.application; includeInIndex = 0; path = SAudio.app; sourceTree = BUILT_PRODUCTS_DIR; };
		6BC951AB2198D6DB00026223 /* AppDelegate.swift */ = {isa = PBXFileReference; lastKnownFileType = sourcecode.swift; path = AppDelegate.swift; sourceTree = "<group>"; };
		6BC951AD2198D6DB00026223 /* FirstViewController.swift */ = {isa = PBXFileReference; lastKnownFileType = sourcecode.swift; path = FirstViewController.swift; sourceTree = "<group>"; };
		6BC951AF2198D6DB00026223 /* SecondViewController.swift */ = {isa = PBXFileReference; lastKnownFileType = sourcecode.swift; path = SecondViewController.swift; sourceTree = "<group>"; };
		6BC951B22198D6DB00026223 /* Base */ = {isa = PBXFileReference; lastKnownFileType = file.storyboard; name = Base; path = Base.lproj/Main.storyboard; sourceTree = "<group>"; };
		6BC951B42198D6DB00026223 /* Assets.xcassets */ = {isa = PBXFileReference; lastKnownFileType = folder.assetcatalog; path = Assets.xcassets; sourceTree = "<group>"; };
		6BC951B72198D6DB00026223 /* Base */ = {isa = PBXFileReference; lastKnownFileType = file.storyboard; name = Base; path = Base.lproj/LaunchScreen.storyboard; sourceTree = "<group>"; };
		6BC951B92198D6DB00026223 /* Info.plist */ = {isa = PBXFileReference; lastKnownFileType = text.plist.xml; path = Info.plist; sourceTree = "<group>"; };
/* End PBXFileReference section */

/* Begin PBXFrameworksBuildPhase section */
		6BC951A52198D6DB00026223 /* Frameworks */ = {
			isa = PBXFrameworksBuildPhase;
			buildActionMask = 2147483647;
			files = (
			);
			runOnlyForDeploymentPostprocessing = 0;
		};
/* End PBXFrameworksBuildPhase section */

/* Begin PBXGroup section */
		6BC9519F2198D6DB00026223 = {
			isa = PBXGroup;
			children = (
				6BC951AA2198D6DB00026223 /* SAudio */,
				6BC951A92198D6DB00026223 /* Products */,
			);
			sourceTree = "<group>";
		};
		6BC951A92198D6DB00026223 /* Products */ = {
			isa = PBXGroup;
			children = (
				6BC951A82198D6DB00026223 /* SAudio.app */,
			);
			name = Products;
			sourceTree = "<group>";
		};
		6BC951AA2198D6DB00026223 /* SAudio */ = {
			isa = PBXGroup;
			children = (
				6BC951AB2198D6DB00026223 /* AppDelegate.swift */,
				6BC951AD2198D6DB00026223 /* FirstViewController.swift */,
				6BC951AF2198D6DB00026223 /* SecondViewController.swift */,
				6BC951B12198D6DB00026223 /* Main.storyboard */,
				6BC951B42198D6DB00026223 /* Assets.xcassets */,
				6BC951B62198D6DB00026223 /* LaunchScreen.storyboard */,
				6BC951B92198D6DB00026223 /* Info.plist */,
			);
			path = SAudio;
			sourceTree = "<group>";
		};
/* End PBXGroup section */

/* Begin PBXNativeTarget section */
		6BC951A72198D6DB00026223 /* SAudio */ = {
			isa = PBXNativeTarget;
			buildConfigurationList = 6BC951BC2198D6DB00026223 /* Build configuration list for PBXNativeTarget "SAudio" */;
			buildPhases = (
				6BC951A42198D6DB00026223 /* Sources */,
				6BC951A52198D6DB00026223 /* Frameworks */,
				6BC951A62198D6DB00026223 /* Resources */,
			);
			buildRules = (
			);
			dependencies = (
			);
			name = SAudio;
			productName = SAudio;
			productReference = 6BC951A82198D6DB00026223 /* SAudio.app */;
			productType = "com.apple.product-type.application";
		};
/* End PBXNativeTarget section */

/* Begin PBXProject section */
		6BC951A02198D6DB00026223 /* Project object */ = {
			isa = PBXProject;
			attributes = {
				LastSwiftUpdateCheck = 0920;
				LastUpgradeCheck = 0920;
				ORGANIZATIONNAME = "Shahan Nedadahandeh";
				TargetAttributes = {
					6BC951A72198D6DB00026223 = {
						CreatedOnToolsVersion = 9.2;
						ProvisioningStyle = Automatic;
					};
				};
			};
			buildConfigurationList = 6BC951A32198D6DB00026223 /* Build configuration list for PBXProject "SAudio" */;
			compatibilityVersion = "Xcode 8.0";
			developmentRegion = en;
			hasScannedForEncodings = 0;
			knownRegions = (
				en,
				Base,
			);
			mainGroup = 6BC9519F2198D6DB00026223;
			productRefGroup = 6BC951A92198D6DB00026223 /* Products */;
			projectDirPath = "";
			projectRoot = "";
			targets = (
				6BC951A72198D6DB00026223 /* SAudio */,
			);
		};
/* End PBXProject section */

/* Begin PBXResourcesBuildPhase section */
		6BC951A62198D6DB00026223 /* Resources */ = {
			isa = PBXResourcesBuildPhase;
			buildActionMask = 2147483647;
			files = (
				6BC951B82198D6DB00026223 /* LaunchScreen.storyboard in Resources */,
				6BC951B52198D6DB00026223 /* Assets.xcassets in Resources */,
				6BC951B32198D6DB00026223 /* Main.storyboard in Resources */,
			);
			runOnlyForDeploymentPostprocessing = 0;
		};
/* End PBXResourcesBuildPhase section */

/* Begin PBXSourcesBuildPhase section */
		6BC951A42198D6DB00026223 /* Sources */ = {
			isa = PBXSourcesBuildPhase;
			buildActionMask = 2147483647;
			files = (
				6BC951B02198D6DB00026223 /* SecondViewController.swift in Sources */,
				6BC951AC2198D6DB00026223 /* AppDelegate.swift in Sources */,
				6BC951AE2198D6DB00026223 /* FirstViewController.swift in Sources */,
			);
			runOnlyForDeploymentPostprocessing = 0;
		};
/* End PBXSourcesBuildPhase section */

/* Begin PBXVariantGroup section */
		6BC951B12198D6DB00026223 /* Main.storyboard */ = {
			isa = PBXVariantGroup;
			children = (
				6BC951B22198D6DB00026223 /* Base */,
			);
			name = Main.storyboard;
			sourceTree = "<group>";
		};
		6BC951B62198D6DB00026223 /* LaunchScreen.storyboard */ = {
			isa = PBXVariantGroup;
			children = (
				6BC951B72198D6DB00026223 /* Base */,
			);
			name = LaunchScreen.storyboard;
			sourceTree = "<group>";
		};
/* End PBXVariantGroup section */

/* Begin XCBuildConfiguration section */
		6BC951BA2198D6DB00026223 /* Debug */ = {
			isa = XCBuildConfiguration;
			buildSettings = {
				ALWAYS_SEARCH_USER_PATHS = NO;
				CLANG_ANALYZER_NONNULL = YES;
				CLANG_ANALYZER_NUMBER_OBJECT_CONVERSION = YES_AGGRESSIVE;
				CLANG_CXX_LANGUAGE_STANDARD = "gnu++14";
				CLANG_CXX_LIBRARY = "libc++";
				CLANG_ENABLE_MODULES = YES;
				CLANG_ENABLE_OBJC_ARC = YES;
				CLANG_WARN_BLOCK_CAPTURE_AUTORELEASING = YES;
				CLANG_WARN_BOOL_CONVERSION = YES;
				CLANG_WARN_COMMA = YES;
				CLANG_WARN_CONSTANT_CONVERSION = YES;
				CLANG_WARN_DIRECT_OBJC_ISA_USAGE = YES_ERROR;
				CLANG_WARN_DOCUMENTATION_COMMENTS = YES;
				CLANG_WARN_EMPTY_BODY = YES;
				CLANG_WARN_ENUM_CONVERSION = YES;
				CLANG_WARN_INFINITE_RECURSION = YES;
				CLANG_WARN_INT_CONVERSION = YES;
				CLANG_WARN_NON_LITERAL_NULL_CONVERSION = YES;
				CLANG_WARN_OBJC_LITERAL_CONVERSION = YES;
				CLANG_WARN_OBJC_ROOT_CLASS = YES_ERROR;
				CLANG_WARN_RANGE_LOOP_ANALYSIS = YES;
				CLANG_WARN_STRICT_PROTOTYPES = YES;
				CLANG_WARN_SUSPICIOUS_MOVE = YES;
				CLANG_WARN_UNGUARDED_AVAILABILITY = YES_AGGRESSIVE;
				CLANG_WARN_UNREACHABLE_CODE = YES;
				CLANG_WARN__DUPLICATE_METHOD_MATCH = YES;
				CODE_SIGN_IDENTITY = "iPhone Developer";
				COPY_PHASE_STRIP = NO;
				DEBUG_INFORMATION_FORMAT = dwarf;
				ENABLE_STRICT_OBJC_MSGSEND = YES;
				ENABLE_TESTABILITY = YES;
				GCC_C_LANGUAGE_STANDARD = gnu11;
				GCC_DYNAMIC_NO_PIC = NO;
				GCC_NO_COMMON_BLOCKS = YES;
				GCC_OPTIMIZATION_LEVEL = 0;
				GCC_PREPROCESSOR_DEFINITIONS = (
					"DEBUG=1",
					"$(inherited)",
				);
				GCC_WARN_64_TO_32_BIT_CONVERSION = YES;
				GCC_WARN_ABOUT_RETURN_TYPE = YES_ERROR;
				GCC_WARN_UNDECLARED_SELECTOR = YES;
				GCC_WARN_UNINITIALIZED_AUTOS = YES_AGGRESSIVE;
				GCC_WARN_UNUSED_FUNCTION = YES;
				GCC_WARN_UNUSED_VARIABLE = YES;
				IPHONEOS_DEPLOYMENT_TARGET = 11.2;
				MTL_ENABLE_DEBUG_INFO = YES;
				ONLY_ACTIVE_ARCH = YES;
				SDKROOT = iphoneos;
				SWIFT_ACTIVE_COMPILATION_CONDITIONS = DEBUG;
				SWIFT_OPTIMIZATION_LEVEL = "-Onone";
			};
			name = Debug;
		};
		6BC951BB2198D6DB00026223 /* Release */ = {
			isa = XCBuildConfiguration;
			buildSettings = {
				ALWAYS_SEARCH_USER_PATHS = NO;
				CLANG_ANALYZER_NONNULL = YES;
				CLANG_ANALYZER_NUMBER_OBJECT_CONVERSION = YES_AGGRESSIVE;
				CLANG_CXX_LANGUAGE_STANDARD = "gnu++14";
				CLANG_CXX_LIBRARY = "libc++";
				CLANG_ENABLE_MODULES = YES;
				CLANG_ENABLE_OBJC_ARC = YES;
				CLANG_WARN_BLOCK_CAPTURE_AUTORELEASING = YES;
				CLANG_WARN_BOOL_CONVERSION = YES;
				CLANG_WARN_COMMA = YES;
				CLANG_WARN_CONSTANT_CONVERSION = YES;
				CLANG_WARN_DIRECT_OBJC_ISA_USAGE = YES_ERROR;
				CLANG_WARN_DOCUMENTATION_COMMENTS = YES;
				CLANG_WARN_EMPTY_BODY = YES;
				CLANG_WARN_ENUM_CONVERSION = YES;
				CLANG_WARN_INFINITE_RECURSION = YES;
				CLANG_WARN_INT_CONVERSION = YES;
				CLANG_WARN_NON_LITERAL_NULL_CONVERSION = YES;
				CLANG_WARN_OBJC_LITERAL_CONVERSION = YES;
				CLANG_WARN_OBJC_ROOT_CLASS = YES_ERROR;
				CLANG_WARN_RANGE_LOOP_ANALYSIS = YES;
				CLANG_WARN_STRICT_PROTOTYPES = YES;
				CLANG_WARN_SUSPICIOUS_MOVE = YES;
				CLANG_WARN_UNGUARDED_AVAILABILITY = YES_AGGRESSIVE;
				CLANG_WARN_UNREACHABLE_CODE = YES;
				CLANG_WARN__DUPLICATE_METHOD_MATCH = YES;
				CODE_SIGN_IDENTITY = "iPhone Developer";
				COPY_PHASE_STRIP = NO;
				DEBUG_INFORMATION_FORMAT = "dwarf-with-dsym";
				ENABLE_NS_ASSERTIONS = NO;
				ENABLE_STRICT_OBJC_MSGSEND = YES;
				GCC_C_LANGUAGE_STANDARD = gnu11;
				GCC_NO_COMMON_BLOCKS = YES;
				GCC_WARN_64_TO_32_BIT_CONVERSION = YES;
				GCC_WARN_ABOUT_RETURN_TYPE = YES_ERROR;
				GCC_WARN_UNDECLARED_SELECTOR = YES;
				GCC_WARN_UNINITIALIZED_AUTOS = YES_AGGRESSIVE;
				GCC_WARN_UNUSED_FUNCTION = YES;
				GCC_WARN_UNUSED_VARIABLE = YES;
				IPHONEOS_DEPLOYMENT_TARGET = 11.2;
				MTL_ENABLE_DEBUG_INFO = NO;
				SDKROOT = iphoneos;
				SWIFT_OPTIMIZATION_LEVEL = "-Owholemodule";
				VALIDATE_PRODUCT = YES;
			};
			name = Release;
		};
		6BC951BD2198D6DB00026223 /* Debug */ = {
			isa = XCBuildConfiguration;
			buildSettings = {
				ASSETCATALOG_COMPILER_APPICON_NAME = AppIcon;
				CODE_SIGN_STYLE = Automatic;
				DEVELOPMENT_TEAM = T7J5U4EJJJ;
				INFOPLIST_FILE = SAudio/Info.plist;
				LD_RUNPATH_SEARCH_PATHS = "$(inherited) @executable_path/Frameworks";
				PRODUCT_BUNDLE_IDENTIFIER = ca.shahan.SAudio;
				PRODUCT_NAME = "$(TARGET_NAME)";
				SWIFT_VERSION = 4.0;
				TARGETED_DEVICE_FAMILY = "1,2";
			};
			name = Debug;
		};
		6BC951BE2198D6DB00026223 /* Release */ = {
			isa = XCBuildConfiguration;
			buildSettings = {
				ASSETCATALOG_COMPILER_APPICON_NAME = AppIcon;
				CODE_SIGN_STYLE = Automatic;
				DEVELOPMENT_TEAM = T7J5U4EJJJ;
				INFOPLIST_FILE = SAudio/Info.plist;
				LD_RUNPATH_SEARCH_PATHS = "$(inherited) @executable_path/Frameworks";
				PRODUCT_BUNDLE_IDENTIFIER = ca.shahan.SAudio;
				PRODUCT_NAME = "$(TARGET_NAME)";
				SWIFT_VERSION = 4.0;
				TARGETED_DEVICE_FAMILY = "1,2";
			};
			name = Release;
		};
/* End XCBuildConfiguration section */

/* Begin XCConfigurationList section */
		6BC951A32198D6DB00026223 /* Build configuration list for PBXProject "SAudio" */ = {
			isa = XCConfigurationList;
			buildConfigurations = (
				6BC951BA2198D6DB00026223 /* Debug */,
				6BC951BB2198D6DB00026223 /* Release */,
			);
			defaultConfigurationIsVisible = 0;
			defaultConfigurationName = Release;
		};
		6BC951BC2198D6DB00026223 /* Build configuration list for PBXNativeTarget "SAudio" */ = {
			isa = XCConfigurationList;
			buildConfigurations = (
				6BC951BD2198D6DB00026223 /* Debug */,
				6BC951BE2198D6DB00026223 /* Release */,
			);
			defaultConfigurationIsVisible = 0;
			defaultConfigurationName = Release;
		};
/* End XCConfigurationList section */
	};
	rootObject = 6BC951A02198D6DB00026223 /* Project object */;
}
